
Microsoft Visual Studio Solution File, Format Version 12.00
# Visual Studio 2015
Project("{FAE04EC0-301F-11D3-BF4B-00C04F79EFBC}") = "DeviceMouseTest.CSharp.Plugins", "DeviceMouseTest.CSharp.Plugins.csproj", "{1B2C4E37-7930-4686-805C-C6C000E0088E}"
EndProject
Project("{FAE04EC0-301F-11D3-BF4B-00C04F79EFBC}") = "DeviceMouseTest.CSharp", "DeviceMouseTest.CSharp.csproj", "{332C4815-8D1C-EAD7-A709-4E3D5D467D91}"
EndProject
Project("{FAE04EC0-301F-11D3-BF4B-00C04F79EFBC}") = "DeviceMouseTest.CSharp.Editor", "DeviceMouseTest.CSharp.Editor.csproj", "{941BCEAA-83CA-0B32-D872-36B0A203AB39}"
EndProject
Global
	GlobalSection(SolutionConfigurationPlatforms) = preSolution
		Debug|Any CPU = Debug|Any CPU
		Release|Any CPU = Release|Any CPU
	EndGlobalSection
	GlobalSection(ProjectConfigurationPlatforms) = postSolution
		{1B2C4E37-7930-4686-805C-C6C000E0088E}.Debug|Any CPU.ActiveCfg = Debug|Any CPU
		{1B2C4E37-7930-4686-805C-C6C000E0088E}.Debug|Any CPU.Build.0 = Debug|Any CPU
		{1B2C4E37-7930-4686-805C-C6C000E0088E}.Release|Any CPU.ActiveCfg = Release|Any CPU
		{1B2C4E37-7930-4686-805C-C6C000E0088E}.Release|Any CPU.Build.0 = Release|Any CPU
		{332C4815-8D1C-EAD7-A709-4E3D5D467D91}.Debug|Any CPU.ActiveCfg = Debug|Any CPU
		{332C4815-8D1C-EAD7-A709-4E3D5D467D91}.Debug|Any CPU.Build.0 = Debug|Any CPU
		{332C4815-8D1C-EAD7-A709-4E3D5D467D91}.Release|Any CPU.ActiveCfg = Release|Any CPU
		{332C4815-8D1C-EAD7-A709-4E3D5D467D91}.Release|Any CPU.Build.0 = Release|Any CPU
		{941BCEAA-83CA-0B32-D872-36B0A203AB39}.Debug|Any CPU.ActiveCfg = Debug|Any CPU
		{941BCEAA-83CA-0B32-D872-36B0A203AB39}.Debug|Any CPU.Build.0 = Debug|Any CPU
		{941BCEAA-83CA-0B32-D872-36B0A203AB39}.Release|Any CPU.ActiveCfg = Release|Any CPU
		{941BCEAA-83CA-0B32-D872-36B0A203AB39}.Release|Any CPU.Build.0 = Release|Any CPU
	EndGlobalSection
	GlobalSection(SolutionProperties) = preSolution
		HideSolutionNode = FALSE
	EndGlobalSection
EndGlobal
